
Microsoft Visual Studio Solution File, Format Version 12.00
# Visual Studio 15
VisualStudioVersion = 15.0.27130.2027
MinimumVisualStudioVersion = 10.0.40219.1
Project("{9A19103F-16F7-4668-BE54-9A1E7A4F7556}") = "PmLibrary", "Bpm\PmLibrary.csproj", "{CFC9FE82-E4F8-4FBA-9B50-15A635EC224C}"
EndProject
Global
	GlobalSection(SolutionConfigurationPlatforms) = preSolution
		Debug|Any CPU = Debug|Any CPU
		Release|Any CPU = Release|Any CPU
	EndGlobalSection
	GlobalSection(ProjectConfigurationPlatforms) = postSolution
		{CFC9FE82-E4F8-4FBA-9B50-15A635EC224C}.Debug|Any CPU.ActiveCfg = Debug|Any CPU
		{CFC9FE82-E4F8-4FBA-9B50-15A635EC224C}.Debug|Any CPU.Build.0 = Debug|Any CPU
		{CFC9FE82-E4F8-4FBA-9B50-15A635EC224C}.Release|Any CPU.ActiveCfg = Release|Any CPU
		{CFC9FE82-E4F8-4FBA-9B50-15A635EC224C}.Release|Any CPU.Build.0 = Release|Any CPU
	EndGlobalSection
	GlobalSection(SolutionProperties) = preSolution
		HideSolutionNode = FALSE
	EndGlobalSection
	GlobalSection(ExtensibilityGlobals) = postSolution
		SolutionGuid = {3E2AFD72-D433-4BFD-88DC-7C19FE540C6D}
	EndGlobalSection
EndGlobal
